// !$*UTF8*$!
{
	archiveVersion = 1;
	classes = {
	};
	objectVersion = 56;
	objects = {

/* Begin PBXBuildFile section */
		B378E3C6293630F0003AE1DC /* RxCocoa in Frameworks */ = {isa = PBXBuildFile; productRef = B378E3C5293630F0003AE1DC /* RxCocoa */; };
		B378E3C8293630F0003AE1DC /* RxSwift in Frameworks */ = {isa = PBXBuildFile; productRef = B378E3C7293630F0003AE1DC /* RxSwift */; };
		B378E3CA29364E3A003AE1DC /* NetworkService.swift in Sources */ = {isa = PBXBuildFile; fileRef = B378E3C929364E3A003AE1DC /* NetworkService.swift */; };
		B378E3CC29364E64003AE1DC /* MediaInfoService.swift in Sources */ = {isa = PBXBuildFile; fileRef = B378E3CB29364E64003AE1DC /* MediaInfoService.swift */; };
		B378E3CE29368E37003AE1DC /* MediaInfoResponseData.swift in Sources */ = {isa = PBXBuildFile; fileRef = B378E3CD29368E37003AE1DC /* MediaInfoResponseData.swift */; };
		B378E3D029368E4F003AE1DC /* PopularMediaResponsePopularity.swift in Sources */ = {isa = PBXBuildFile; fileRef = B378E3CF29368E4F003AE1DC /* PopularMediaResponsePopularity.swift */; };
		B378E3D229368E67003AE1DC /* MediaInfoPosterImage.swift in Sources */ = {isa = PBXBuildFile; fileRef = B378E3D129368E67003AE1DC /* MediaInfoPosterImage.swift */; };
		B378E3D429368E76003AE1DC /* MediaTomatoRating.swift in Sources */ = {isa = PBXBuildFile; fileRef = B378E3D329368E76003AE1DC /* MediaTomatoRating.swift */; };
		B378E3D629368E88003AE1DC /* MediaUserRating.swift in Sources */ = {isa = PBXBuildFile; fileRef = B378E3D529368E88003AE1DC /* MediaUserRating.swift */; };
		B378E3D829368E93003AE1DC /* MediaRatingImage.swift in Sources */ = {isa = PBXBuildFile; fileRef = B378E3D729368E93003AE1DC /* MediaRatingImage.swift */; };
		B378E3E029369122003AE1DC /* PopularMedia.json in Resources */ = {isa = PBXBuildFile; fileRef = B378E3DF29369122003AE1DC /* PopularMedia.json */; };
		B378E3E32937A312003AE1DC /* UIColor+Ext.swift in Sources */ = {isa = PBXBuildFile; fileRef = B378E3E22937A312003AE1DC /* UIColor+Ext.swift */; };
		B378E3E62937A5EC003AE1DC /* MediaInnerViewController.swift in Sources */ = {isa = PBXBuildFile; fileRef = B378E3E52937A5EC003AE1DC /* MediaInnerViewController.swift */; };
		B378E3E82937A5F4003AE1DC /* MediaInnerViewModel.swift in Sources */ = {isa = PBXBuildFile; fileRef = B378E3E72937A5F4003AE1DC /* MediaInnerViewModel.swift */; };
		B378E3EE2937AC5A003AE1DC /* UIImageView+Ext.swift in Sources */ = {isa = PBXBuildFile; fileRef = B378E3ED2937AC5A003AE1DC /* UIImageView+Ext.swift */; };
		B3B5323529361C8F00319D8F /* AppDelegate.swift in Sources */ = {isa = PBXBuildFile; fileRef = B3B5323429361C8F00319D8F /* AppDelegate.swift */; };
		B3B5323E29361C9100319D8F /* Assets.xcassets in Resources */ = {isa = PBXBuildFile; fileRef = B3B5323D29361C9100319D8F /* Assets.xcassets */; };
		B3B5324129361C9100319D8F /* LaunchScreen.storyboard in Resources */ = {isa = PBXBuildFile; fileRef = B3B5323F29361C9100319D8F /* LaunchScreen.storyboard */; };
		B3B5324C29361C9100319D8F /* IMDB_PetTests.swift in Sources */ = {isa = PBXBuildFile; fileRef = B3B5324B29361C9100319D8F /* IMDB_PetTests.swift */; };
		B3B5325629361C9100319D8F /* IMDB_PetUITests.swift in Sources */ = {isa = PBXBuildFile; fileRef = B3B5325529361C9100319D8F /* IMDB_PetUITests.swift */; };
		B3B5325829361C9100319D8F /* IMDB_PetUITestsLaunchTests.swift in Sources */ = {isa = PBXBuildFile; fileRef = B3B5325729361C9100319D8F /* IMDB_PetUITestsLaunchTests.swift */; };
		B3B5326729361CF500319D8F /* FilmListViewController.swift in Sources */ = {isa = PBXBuildFile; fileRef = B3B5326629361CF500319D8F /* FilmListViewController.swift */; };
		B3B5326929361CFD00319D8F /* FilmListViewModel.swift in Sources */ = {isa = PBXBuildFile; fileRef = B3B5326829361CFD00319D8F /* FilmListViewModel.swift */; };
		B3B5326B29361D1000319D8F /* AppCoordinator.swift in Sources */ = {isa = PBXBuildFile; fileRef = B3B5326A29361D1000319D8F /* AppCoordinator.swift */; };
		B3B5326E29361FB000319D8F /* MediaInfo.swift in Sources */ = {isa = PBXBuildFile; fileRef = B3B5326D29361FB000319D8F /* MediaInfo.swift */; };
		B3B53274293625DB00319D8F /* MediaPreviewCollectionViewCell.swift in Sources */ = {isa = PBXBuildFile; fileRef = B3B53273293625DB00319D8F /* MediaPreviewCollectionViewCell.swift */; };
/* End PBXBuildFile section */

/* Begin PBXContainerItemProxy section */
		B3B5324829361C9100319D8F /* PBXContainerItemProxy */ = {
			isa = PBXContainerItemProxy;
			containerPortal = B3B5322929361C8F00319D8F /* Project object */;
			proxyType = 1;
			remoteGlobalIDString = B3B5323029361C8F00319D8F;
			remoteInfo = "IMDB-Pet";
		};
		B3B5325229361C9100319D8F /* PBXContainerItemProxy */ = {
			isa = PBXContainerItemProxy;
			containerPortal = B3B5322929361C8F00319D8F /* Project object */;
			proxyType = 1;
			remoteGlobalIDString = B3B5323029361C8F00319D8F;
			remoteInfo = "IMDB-Pet";
		};
/* End PBXContainerItemProxy section */

/* Begin PBXFileReference section */
		B378E3C929364E3A003AE1DC /* NetworkService.swift */ = {isa = PBXFileReference; lastKnownFileType = sourcecode.swift; path = NetworkService.swift; sourceTree = "<group>"; };
		B378E3CB29364E64003AE1DC /* MediaInfoService.swift */ = {isa = PBXFileReference; lastKnownFileType = sourcecode.swift; path = MediaInfoService.swift; sourceTree = "<group>"; };
		B378E3CD29368E37003AE1DC /* MediaInfoResponseData.swift */ = {isa = PBXFileReference; lastKnownFileType = sourcecode.swift; path = MediaInfoResponseData.swift; sourceTree = "<group>"; };
		B378E3CF29368E4F003AE1DC /* PopularMediaResponsePopularity.swift */ = {isa = PBXFileReference; lastKnownFileType = sourcecode.swift; path = PopularMediaResponsePopularity.swift; sourceTree = "<group>"; };
		B378E3D129368E67003AE1DC /* MediaInfoPosterImage.swift */ = {isa = PBXFileReference; lastKnownFileType = sourcecode.swift; path = MediaInfoPosterImage.swift; sourceTree = "<group>"; };
		B378E3D329368E76003AE1DC /* MediaTomatoRating.swift */ = {isa = PBXFileReference; lastKnownFileType = sourcecode.swift; path = MediaTomatoRating.swift; sourceTree = "<group>"; };
		B378E3D529368E88003AE1DC /* MediaUserRating.swift */ = {isa = PBXFileReference; lastKnownFileType = sourcecode.swift; path = MediaUserRating.swift; sourceTree = "<group>"; };
		B378E3D729368E93003AE1DC /* MediaRatingImage.swift */ = {isa = PBXFileReference; lastKnownFileType = sourcecode.swift; path = MediaRatingImage.swift; sourceTree = "<group>"; };
		B378E3DF29369122003AE1DC /* PopularMedia.json */ = {isa = PBXFileReference; fileEncoding = 4; lastKnownFileType = text.json; path = PopularMedia.json; sourceTree = "<group>"; };
		B378E3E22937A312003AE1DC /* UIColor+Ext.swift */ = {isa = PBXFileReference; lastKnownFileType = sourcecode.swift; path = "UIColor+Ext.swift"; sourceTree = "<group>"; };
		B378E3E52937A5EC003AE1DC /* MediaInnerViewController.swift */ = {isa = PBXFileReference; lastKnownFileType = sourcecode.swift; path = MediaInnerViewController.swift; sourceTree = "<group>"; };
		B378E3E72937A5F4003AE1DC /* MediaInnerViewModel.swift */ = {isa = PBXFileReference; lastKnownFileType = sourcecode.swift; path = MediaInnerViewModel.swift; sourceTree = "<group>"; };
		B378E3ED2937AC5A003AE1DC /* UIImageView+Ext.swift */ = {isa = PBXFileReference; lastKnownFileType = sourcecode.swift; path = "UIImageView+Ext.swift"; sourceTree = "<group>"; };
		B3B5323129361C8F00319D8F /* IMDB-Pet.app */ = {isa = PBXFileReference; explicitFileType = wrapper.application; includeInIndex = 0; path = "IMDB-Pet.app"; sourceTree = BUILT_PRODUCTS_DIR; };
		B3B5323429361C8F00319D8F /* AppDelegate.swift */ = {isa = PBXFileReference; lastKnownFileType = sourcecode.swift; path = AppDelegate.swift; sourceTree = "<group>"; };
		B3B5323D29361C9100319D8F /* Assets.xcassets */ = {isa = PBXFileReference; lastKnownFileType = folder.assetcatalog; path = Assets.xcassets; sourceTree = "<group>"; };
		B3B5324029361C9100319D8F /* Base */ = {isa = PBXFileReference; lastKnownFileType = file.storyboard; name = Base; path = Base.lproj/LaunchScreen.storyboard; sourceTree = "<group>"; };
		B3B5324229361C9100319D8F /* Info.plist */ = {isa = PBXFileReference; lastKnownFileType = text.plist.xml; path = Info.plist; sourceTree = "<group>"; };
		B3B5324729361C9100319D8F /* IMDB-PetTests.xctest */ = {isa = PBXFileReference; explicitFileType = wrapper.cfbundle; includeInIndex = 0; path = "IMDB-PetTests.xctest"; sourceTree = BUILT_PRODUCTS_DIR; };
		B3B5324B29361C9100319D8F /* IMDB_PetTests.swift */ = {isa = PBXFileReference; lastKnownFileType = sourcecode.swift; path = IMDB_PetTests.swift; sourceTree = "<group>"; };
		B3B5325129361C9100319D8F /* IMDB-PetUITests.xctest */ = {isa = PBXFileReference; explicitFileType = wrapper.cfbundle; includeInIndex = 0; path = "IMDB-PetUITests.xctest"; sourceTree = BUILT_PRODUCTS_DIR; };
		B3B5325529361C9100319D8F /* IMDB_PetUITests.swift */ = {isa = PBXFileReference; lastKnownFileType = sourcecode.swift; path = IMDB_PetUITests.swift; sourceTree = "<group>"; };
		B3B5325729361C9100319D8F /* IMDB_PetUITestsLaunchTests.swift */ = {isa = PBXFileReference; lastKnownFileType = sourcecode.swift; path = IMDB_PetUITestsLaunchTests.swift; sourceTree = "<group>"; };
		B3B5326629361CF500319D8F /* FilmListViewController.swift */ = {isa = PBXFileReference; lastKnownFileType = sourcecode.swift; path = FilmListViewController.swift; sourceTree = "<group>"; };
		B3B5326829361CFD00319D8F /* FilmListViewModel.swift */ = {isa = PBXFileReference; lastKnownFileType = sourcecode.swift; path = FilmListViewModel.swift; sourceTree = "<group>"; };
		B3B5326A29361D1000319D8F /* AppCoordinator.swift */ = {isa = PBXFileReference; lastKnownFileType = sourcecode.swift; path = AppCoordinator.swift; sourceTree = "<group>"; };
		B3B5326D29361FB000319D8F /* MediaInfo.swift */ = {isa = PBXFileReference; lastKnownFileType = sourcecode.swift; path = MediaInfo.swift; sourceTree = "<group>"; };
		B3B53273293625DB00319D8F /* MediaPreviewCollectionViewCell.swift */ = {isa = PBXFileReference; lastKnownFileType = sourcecode.swift; path = MediaPreviewCollectionViewCell.swift; sourceTree = "<group>"; };
/* End PBXFileReference section */

/* Begin PBXFrameworksBuildPhase section */
		B3B5322E29361C8F00319D8F /* Frameworks */ = {
			isa = PBXFrameworksBuildPhase;
			buildActionMask = 2147483647;
			files = (
				B378E3C8293630F0003AE1DC /* RxSwift in Frameworks */,
				B378E3C6293630F0003AE1DC /* RxCocoa in Frameworks */,
			);
			runOnlyForDeploymentPostprocessing = 0;
		};
		B3B5324429361C9100319D8F /* Frameworks */ = {
			isa = PBXFrameworksBuildPhase;
			buildActionMask = 2147483647;
			files = (
			);
			runOnlyForDeploymentPostprocessing = 0;
		};
		B3B5324E29361C9100319D8F /* Frameworks */ = {
			isa = PBXFrameworksBuildPhase;
			buildActionMask = 2147483647;
			files = (
			);
			runOnlyForDeploymentPostprocessing = 0;
		};
/* End PBXFrameworksBuildPhase section */

/* Begin PBXGroup section */
		B378E3E12937A306003AE1DC /* Extensions */ = {
			isa = PBXGroup;
			children = (
				B378E3E22937A312003AE1DC /* UIColor+Ext.swift */,
				B378E3ED2937AC5A003AE1DC /* UIImageView+Ext.swift */,
			);
			path = Extensions;
			sourceTree = "<group>";
		};
		B378E3E42937A5C9003AE1DC /* MediaInner */ = {
			isa = PBXGroup;
			children = (
				B378E3E72937A5F4003AE1DC /* MediaInnerViewModel.swift */,
				B378E3E52937A5EC003AE1DC /* MediaInnerViewController.swift */,
			);
			path = MediaInner;
			sourceTree = "<group>";
		};
		B3B5322829361C8F00319D8F = {
			isa = PBXGroup;
			children = (
				B3B5323329361C8F00319D8F /* IMDB-Pet */,
				B3B5324A29361C9100319D8F /* IMDB-PetTests */,
				B3B5325429361C9100319D8F /* IMDB-PetUITests */,
				B3B5323229361C8F00319D8F /* Products */,
			);
			sourceTree = "<group>";
		};
		B3B5323229361C8F00319D8F /* Products */ = {
			isa = PBXGroup;
			children = (
				B3B5323129361C8F00319D8F /* IMDB-Pet.app */,
				B3B5324729361C9100319D8F /* IMDB-PetTests.xctest */,
				B3B5325129361C9100319D8F /* IMDB-PetUITests.xctest */,
			);
			name = Products;
			sourceTree = "<group>";
		};
		B3B5323329361C8F00319D8F /* IMDB-Pet */ = {
			isa = PBXGroup;
			children = (
				B3B5323429361C8F00319D8F /* AppDelegate.swift */,
				B3B5326A29361D1000319D8F /* AppCoordinator.swift */,
				B378E3DF29369122003AE1DC /* PopularMedia.json */,
				B3B5326C29361FA400319D8F /* Models */,
				B3B5326429361CDD00319D8F /* Modules */,
				B3B53271293624E100319D8F /* Services */,
				B378E3E12937A306003AE1DC /* Extensions */,
				B3B5323D29361C9100319D8F /* Assets.xcassets */,
				B3B5323F29361C9100319D8F /* LaunchScreen.storyboard */,
				B3B5324229361C9100319D8F /* Info.plist */,
			);
			path = "IMDB-Pet";
			sourceTree = "<group>";
		};
		B3B5324A29361C9100319D8F /* IMDB-PetTests */ = {
			isa = PBXGroup;
			children = (
				B3B5324B29361C9100319D8F /* IMDB_PetTests.swift */,
			);
			path = "IMDB-PetTests";
			sourceTree = "<group>";
		};
		B3B5325429361C9100319D8F /* IMDB-PetUITests */ = {
			isa = PBXGroup;
			children = (
				B3B5325529361C9100319D8F /* IMDB_PetUITests.swift */,
				B3B5325729361C9100319D8F /* IMDB_PetUITestsLaunchTests.swift */,
			);
			path = "IMDB-PetUITests";
			sourceTree = "<group>";
		};
		B3B5326429361CDD00319D8F /* Modules */ = {
			isa = PBXGroup;
			children = (
				B3B5326529361CE500319D8F /* FilmsList */,
				B378E3E42937A5C9003AE1DC /* MediaInner */,
			);
			path = Modules;
			sourceTree = "<group>";
		};
		B3B5326529361CE500319D8F /* FilmsList */ = {
			isa = PBXGroup;
			children = (
				B3B53272293625C400319D8F /* Components */,
				B3B5326829361CFD00319D8F /* FilmListViewModel.swift */,
				B3B5326629361CF500319D8F /* FilmListViewController.swift */,
			);
			path = FilmsList;
			sourceTree = "<group>";
		};
		B3B5326C29361FA400319D8F /* Models */ = {
			isa = PBXGroup;
			children = (
				B378E3CD29368E37003AE1DC /* MediaInfoResponseData.swift */,
				B378E3CF29368E4F003AE1DC /* PopularMediaResponsePopularity.swift */,
				B3B5326D29361FB000319D8F /* MediaInfo.swift */,
				B378E3D129368E67003AE1DC /* MediaInfoPosterImage.swift */,
				B378E3D329368E76003AE1DC /* MediaTomatoRating.swift */,
				B378E3D529368E88003AE1DC /* MediaUserRating.swift */,
				B378E3D729368E93003AE1DC /* MediaRatingImage.swift */,
			);
			path = Models;
			sourceTree = "<group>";
		};
		B3B53271293624E100319D8F /* Services */ = {
			isa = PBXGroup;
			children = (
				B378E3C929364E3A003AE1DC /* NetworkService.swift */,
				B378E3CB29364E64003AE1DC /* MediaInfoService.swift */,
			);
			path = Services;
			sourceTree = "<group>";
		};
		B3B53272293625C400319D8F /* Components */ = {
			isa = PBXGroup;
			children = (
				B3B53273293625DB00319D8F /* MediaPreviewCollectionViewCell.swift */,
			);
			path = Components;
			sourceTree = "<group>";
		};
/* End PBXGroup section */

/* Begin PBXNativeTarget section */
		B3B5323029361C8F00319D8F /* IMDB-Pet */ = {
			isa = PBXNativeTarget;
			buildConfigurationList = B3B5325B29361C9100319D8F /* Build configuration list for PBXNativeTarget "IMDB-Pet" */;
			buildPhases = (
				B3B5322D29361C8F00319D8F /* Sources */,
				B3B5322E29361C8F00319D8F /* Frameworks */,
				B3B5322F29361C8F00319D8F /* Resources */,
			);
			buildRules = (
			);
			dependencies = (
			);
			name = "IMDB-Pet";
			packageProductDependencies = (
				B378E3C5293630F0003AE1DC /* RxCocoa */,
				B378E3C7293630F0003AE1DC /* RxSwift */,
			);
			productName = "IMDB-Pet";
			productReference = B3B5323129361C8F00319D8F /* IMDB-Pet.app */;
			productType = "com.apple.product-type.application";
		};
		B3B5324629361C9100319D8F /* IMDB-PetTests */ = {
			isa = PBXNativeTarget;
			buildConfigurationList = B3B5325E29361C9100319D8F /* Build configuration list for PBXNativeTarget "IMDB-PetTests" */;
			buildPhases = (
				B3B5324329361C9100319D8F /* Sources */,
				B3B5324429361C9100319D8F /* Frameworks */,
				B3B5324529361C9100319D8F /* Resources */,
			);
			buildRules = (
			);
			dependencies = (
				B3B5324929361C9100319D8F /* PBXTargetDependency */,
			);
			name = "IMDB-PetTests";
			productName = "IMDB-PetTests";
			productReference = B3B5324729361C9100319D8F /* IMDB-PetTests.xctest */;
			productType = "com.apple.product-type.bundle.unit-test";
		};
		B3B5325029361C9100319D8F /* IMDB-PetUITests */ = {
			isa = PBXNativeTarget;
			buildConfigurationList = B3B5326129361C9100319D8F /* Build configuration list for PBXNativeTarget "IMDB-PetUITests" */;
			buildPhases = (
				B3B5324D29361C9100319D8F /* Sources */,
				B3B5324E29361C9100319D8F /* Frameworks */,
				B3B5324F29361C9100319D8F /* Resources */,
			);
			buildRules = (
			);
			dependencies = (
				B3B5325329361C9100319D8F /* PBXTargetDependency */,
			);
			name = "IMDB-PetUITests";
			productName = "IMDB-PetUITests";
			productReference = B3B5325129361C9100319D8F /* IMDB-PetUITests.xctest */;
			productType = "com.apple.product-type.bundle.ui-testing";
		};
/* End PBXNativeTarget section */

/* Begin PBXProject section */
		B3B5322929361C8F00319D8F /* Project object */ = {
			isa = PBXProject;
			attributes = {
				BuildIndependentTargetsInParallel = 1;
				LastSwiftUpdateCheck = 1400;
				LastUpgradeCheck = 1400;
				TargetAttributes = {
					B3B5323029361C8F00319D8F = {
						CreatedOnToolsVersion = 14.0.1;
					};
					B3B5324629361C9100319D8F = {
						CreatedOnToolsVersion = 14.0.1;
						TestTargetID = B3B5323029361C8F00319D8F;
					};
					B3B5325029361C9100319D8F = {
						CreatedOnToolsVersion = 14.0.1;
						TestTargetID = B3B5323029361C8F00319D8F;
					};
				};
			};
			buildConfigurationList = B3B5322C29361C8F00319D8F /* Build configuration list for PBXProject "IMDB-Pet" */;
			compatibilityVersion = "Xcode 14.0";
			developmentRegion = en;
			hasScannedForEncodings = 0;
			knownRegions = (
				en,
				Base,
			);
			mainGroup = B3B5322829361C8F00319D8F;
			packageReferences = (
				B378E3C4293630F0003AE1DC /* XCRemoteSwiftPackageReference "RxSwift" */,
			);
			productRefGroup = B3B5323229361C8F00319D8F /* Products */;
			projectDirPath = "";
			projectRoot = "";
			targets = (
				B3B5323029361C8F00319D8F /* IMDB-Pet */,
				B3B5324629361C9100319D8F /* IMDB-PetTests */,
				B3B5325029361C9100319D8F /* IMDB-PetUITests */,
			);
		};
/* End PBXProject section */

/* Begin PBXResourcesBuildPhase section */
		B3B5322F29361C8F00319D8F /* Resources */ = {
			isa = PBXResourcesBuildPhase;
			buildActionMask = 2147483647;
			files = (
				B378E3E029369122003AE1DC /* PopularMedia.json in Resources */,
				B3B5324129361C9100319D8F /* LaunchScreen.storyboard in Resources */,
				B3B5323E29361C9100319D8F /* Assets.xcassets in Resources */,
			);
			runOnlyForDeploymentPostprocessing = 0;
		};
		B3B5324529361C9100319D8F /* Resources */ = {
			isa = PBXResourcesBuildPhase;
			buildActionMask = 2147483647;
			files = (
			);
			runOnlyForDeploymentPostprocessing = 0;
		};
		B3B5324F29361C9100319D8F /* Resources */ = {
			isa = PBXResourcesBuildPhase;
			buildActionMask = 2147483647;
			files = (
			);
			runOnlyForDeploymentPostprocessing = 0;
		};
/* End PBXResourcesBuildPhase section */

/* Begin PBXSourcesBuildPhase section */
		B3B5322D29361C8F00319D8F /* Sources */ = {
			isa = PBXSourcesBuildPhase;
			buildActionMask = 2147483647;
			files = (
				B378E3CE29368E37003AE1DC /* MediaInfoResponseData.swift in Sources */,
				B3B5326E29361FB000319D8F /* MediaInfo.swift in Sources */,
				B378E3D229368E67003AE1DC /* MediaInfoPosterImage.swift in Sources */,
				B378E3CA29364E3A003AE1DC /* NetworkService.swift in Sources */,
				B378E3E62937A5EC003AE1DC /* MediaInnerViewController.swift in Sources */,
				B3B5326B29361D1000319D8F /* AppCoordinator.swift in Sources */,
				B378E3D029368E4F003AE1DC /* PopularMediaResponsePopularity.swift in Sources */,
				B3B5326929361CFD00319D8F /* FilmListViewModel.swift in Sources */,
				B378E3EE2937AC5A003AE1DC /* UIImageView+Ext.swift in Sources */,
				B378E3E82937A5F4003AE1DC /* MediaInnerViewModel.swift in Sources */,
				B378E3D429368E76003AE1DC /* MediaTomatoRating.swift in Sources */,
				B3B5326729361CF500319D8F /* FilmListViewController.swift in Sources */,
				B378E3D829368E93003AE1DC /* MediaRatingImage.swift in Sources */,
				B3B53274293625DB00319D8F /* MediaPreviewCollectionViewCell.swift in Sources */,
				B378E3D629368E88003AE1DC /* MediaUserRating.swift in Sources */,
				B378E3E32937A312003AE1DC /* UIColor+Ext.swift in Sources */,
				B3B5323529361C8F00319D8F /* AppDelegate.swift in Sources */,
				B378E3CC29364E64003AE1DC /* MediaInfoService.swift in Sources */,
			);
			runOnlyForDeploymentPostprocessing = 0;
		};
		B3B5324329361C9100319D8F /* Sources */ = {
			isa = PBXSourcesBuildPhase;
			buildActionMask = 2147483647;
			files = (
				B3B5324C29361C9100319D8F /* IMDB_PetTests.swift in Sources */,
			);
			runOnlyForDeploymentPostprocessing = 0;
		};
		B3B5324D29361C9100319D8F /* Sources */ = {
			isa = PBXSourcesBuildPhase;
			buildActionMask = 2147483647;
			files = (
				B3B5325829361C9100319D8F /* IMDB_PetUITestsLaunchTests.swift in Sources */,
				B3B5325629361C9100319D8F /* IMDB_PetUITests.swift in Sources */,
			);
			runOnlyForDeploymentPostprocessing = 0;
		};
/* End PBXSourcesBuildPhase section */

/* Begin PBXTargetDependency section */
		B3B5324929361C9100319D8F /* PBXTargetDependency */ = {
			isa = PBXTargetDependency;
			target = B3B5323029361C8F00319D8F /* IMDB-Pet */;
			targetProxy = B3B5324829361C9100319D8F /* PBXContainerItemProxy */;
		};
		B3B5325329361C9100319D8F /* PBXTargetDependency */ = {
			isa = PBXTargetDependency;
			target = B3B5323029361C8F00319D8F /* IMDB-Pet */;
			targetProxy = B3B5325229361C9100319D8F /* PBXContainerItemProxy */;
		};
/* End PBXTargetDependency section */

/* Begin PBXVariantGroup section */
		B3B5323F29361C9100319D8F /* LaunchScreen.storyboard */ = {
			isa = PBXVariantGroup;
			children = (
				B3B5324029361C9100319D8F /* Base */,
			);
			name = LaunchScreen.storyboard;
			sourceTree = "<group>";
		};
/* End PBXVariantGroup section */

/* Begin XCBuildConfiguration section */
		B3B5325929361C9100319D8F /* Debug */ = {
			isa = XCBuildConfiguration;
			buildSettings = {
				ALWAYS_SEARCH_USER_PATHS = NO;
				CLANG_ANALYZER_NONNULL = YES;
				CLANG_ANALYZER_NUMBER_OBJECT_CONVERSION = YES_AGGRESSIVE;
				CLANG_CXX_LANGUAGE_STANDARD = "gnu++20";
				CLANG_ENABLE_MODULES = YES;
				CLANG_ENABLE_OBJC_ARC = YES;
				CLANG_ENABLE_OBJC_WEAK = YES;
				CLANG_WARN_BLOCK_CAPTURE_AUTORELEASING = YES;
				CLANG_WARN_BOOL_CONVERSION = YES;
				CLANG_WARN_COMMA = YES;
				CLANG_WARN_CONSTANT_CONVERSION = YES;
				CLANG_WARN_DEPRECATED_OBJC_IMPLEMENTATIONS = YES;
				CLANG_WARN_DIRECT_OBJC_ISA_USAGE = YES_ERROR;
				CLANG_WARN_DOCUMENTATION_COMMENTS = YES;
				CLANG_WARN_EMPTY_BODY = YES;
				CLANG_WARN_ENUM_CONVERSION = YES;
				CLANG_WARN_INFINITE_RECURSION = YES;
				CLANG_WARN_INT_CONVERSION = YES;
				CLANG_WARN_NON_LITERAL_NULL_CONVERSION = YES;
				CLANG_WARN_OBJC_IMPLICIT_RETAIN_SELF = YES;
				CLANG_WARN_OBJC_LITERAL_CONVERSION = YES;
				CLANG_WARN_OBJC_ROOT_CLASS = YES_ERROR;
				CLANG_WARN_QUOTED_INCLUDE_IN_FRAMEWORK_HEADER = YES;
				CLANG_WARN_RANGE_LOOP_ANALYSIS = YES;
				CLANG_WARN_STRICT_PROTOTYPES = YES;
				CLANG_WARN_SUSPICIOUS_MOVE = YES;
				CLANG_WARN_UNGUARDED_AVAILABILITY = YES_AGGRESSIVE;
				CLANG_WARN_UNREACHABLE_CODE = YES;
				CLANG_WARN__DUPLICATE_METHOD_MATCH = YES;
				COPY_PHASE_STRIP = NO;
				DEBUG_INFORMATION_FORMAT = dwarf;
				ENABLE_STRICT_OBJC_MSGSEND = YES;
				ENABLE_TESTABILITY = YES;
				GCC_C_LANGUAGE_STANDARD = gnu11;
				GCC_DYNAMIC_NO_PIC = NO;
				GCC_NO_COMMON_BLOCKS = YES;
				GCC_OPTIMIZATION_LEVEL = 0;
				GCC_PREPROCESSOR_DEFINITIONS = (
					"DEBUG=1",
					"$(inherited)",
				);
				GCC_WARN_64_TO_32_BIT_CONVERSION = YES;
				GCC_WARN_ABOUT_RETURN_TYPE = YES_ERROR;
				GCC_WARN_UNDECLARED_SELECTOR = YES;
				GCC_WARN_UNINITIALIZED_AUTOS = YES_AGGRESSIVE;
				GCC_WARN_UNUSED_FUNCTION = YES;
				GCC_WARN_UNUSED_VARIABLE = YES;
				IPHONEOS_DEPLOYMENT_TARGET = 16.0;
				MTL_ENABLE_DEBUG_INFO = INCLUDE_SOURCE;
				MTL_FAST_MATH = YES;
				ONLY_ACTIVE_ARCH = YES;
				SDKROOT = iphoneos;
				SWIFT_ACTIVE_COMPILATION_CONDITIONS = DEBUG;
				SWIFT_OPTIMIZATION_LEVEL = "-Onone";
			};
			name = Debug;
		};
		B3B5325A29361C9100319D8F /* Release */ = {
			isa = XCBuildConfiguration;
			buildSettings = {
				ALWAYS_SEARCH_USER_PATHS = NO;
				CLANG_ANALYZER_NONNULL = YES;
				CLANG_ANALYZER_NUMBER_OBJECT_CONVERSION = YES_AGGRESSIVE;
				CLANG_CXX_LANGUAGE_STANDARD = "gnu++20";
				CLANG_ENABLE_MODULES = YES;
				CLANG_ENABLE_OBJC_ARC = YES;
				CLANG_ENABLE_OBJC_WEAK = YES;
				CLANG_WARN_BLOCK_CAPTURE_AUTORELEASING = YES;
				CLANG_WARN_BOOL_CONVERSION = YES;
				CLANG_WARN_COMMA = YES;
				CLANG_WARN_CONSTANT_CONVERSION = YES;
				CLANG_WARN_DEPRECATED_OBJC_IMPLEMENTATIONS = YES;
				CLANG_WARN_DIRECT_OBJC_ISA_USAGE = YES_ERROR;
				CLANG_WARN_DOCUMENTATION_COMMENTS = YES;
				CLANG_WARN_EMPTY_BODY = YES;
				CLANG_WARN_ENUM_CONVERSION = YES;
				CLANG_WARN_INFINITE_RECURSION = YES;
				CLANG_WARN_INT_CONVERSION = YES;
				CLANG_WARN_NON_LITERAL_NULL_CONVERSION = YES;
				CLANG_WARN_OBJC_IMPLICIT_RETAIN_SELF = YES;
				CLANG_WARN_OBJC_LITERAL_CONVERSION = YES;
				CLANG_WARN_OBJC_ROOT_CLASS = YES_ERROR;
				CLANG_WARN_QUOTED_INCLUDE_IN_FRAMEWORK_HEADER = YES;
				CLANG_WARN_RANGE_LOOP_ANALYSIS = YES;
				CLANG_WARN_STRICT_PROTOTYPES = YES;
				CLANG_WARN_SUSPICIOUS_MOVE = YES;
				CLANG_WARN_UNGUARDED_AVAILABILITY = YES_AGGRESSIVE;
				CLANG_WARN_UNREACHABLE_CODE = YES;
				CLANG_WARN__DUPLICATE_METHOD_MATCH = YES;
				COPY_PHASE_STRIP = NO;
				DEBUG_INFORMATION_FORMAT = "dwarf-with-dsym";
				ENABLE_NS_ASSERTIONS = NO;
				ENABLE_STRICT_OBJC_MSGSEND = YES;
				GCC_C_LANGUAGE_STANDARD = gnu11;
				GCC_NO_COMMON_BLOCKS = YES;
				GCC_WARN_64_TO_32_BIT_CONVERSION = YES;
				GCC_WARN_ABOUT_RETURN_TYPE = YES_ERROR;
				GCC_WARN_UNDECLARED_SELECTOR = YES;
				GCC_WARN_UNINITIALIZED_AUTOS = YES_AGGRESSIVE;
				GCC_WARN_UNUSED_FUNCTION = YES;
				GCC_WARN_UNUSED_VARIABLE = YES;
				IPHONEOS_DEPLOYMENT_TARGET = 16.0;
				MTL_ENABLE_DEBUG_INFO = NO;
				MTL_FAST_MATH = YES;
				SDKROOT = iphoneos;
				SWIFT_COMPILATION_MODE = wholemodule;
				SWIFT_OPTIMIZATION_LEVEL = "-O";
				VALIDATE_PRODUCT = YES;
			};
			name = Release;
		};
		B3B5325C29361C9100319D8F /* Debug */ = {
			isa = XCBuildConfiguration;
			buildSettings = {
				ASSETCATALOG_COMPILER_APPICON_NAME = AppIcon;
				ASSETCATALOG_COMPILER_GLOBAL_ACCENT_COLOR_NAME = AccentColor;
				CODE_SIGN_STYLE = Automatic;
				CURRENT_PROJECT_VERSION = 1;
				DEVELOPMENT_TEAM = U3F495S6H2;
				GENERATE_INFOPLIST_FILE = YES;
				INFOPLIST_FILE = "IMDB-Pet/Info.plist";
				INFOPLIST_KEY_UIApplicationSupportsIndirectInputEvents = YES;
				INFOPLIST_KEY_UILaunchStoryboardName = LaunchScreen;
				INFOPLIST_KEY_UISupportedInterfaceOrientations_iPad = "UIInterfaceOrientationPortrait UIInterfaceOrientationPortraitUpsideDown UIInterfaceOrientationLandscapeLeft UIInterfaceOrientationLandscapeRight";
				INFOPLIST_KEY_UISupportedInterfaceOrientations_iPhone = "UIInterfaceOrientationPortrait UIInterfaceOrientationLandscapeLeft UIInterfaceOrientationLandscapeRight";
				LD_RUNPATH_SEARCH_PATHS = (
					"$(inherited)",
					"@executable_path/Frameworks",
				);
				MARKETING_VERSION = 1.0;
				PRODUCT_BUNDLE_IDENTIFIER = "com.henadzibah.IMDB-Pet";
				PRODUCT_NAME = "$(TARGET_NAME)";
				SWIFT_EMIT_LOC_STRINGS = YES;
				SWIFT_VERSION = 5.0;
				TARGETED_DEVICE_FAMILY = "1,2";
			};
			name = Debug;
		};
		B3B5325D29361C9100319D8F /* Release */ = {
			isa = XCBuildConfiguration;
			buildSettings = {
				ASSETCATALOG_COMPILER_APPICON_NAME = AppIcon;
				ASSETCATALOG_COMPILER_GLOBAL_ACCENT_COLOR_NAME = AccentColor;
				CODE_SIGN_STYLE = Automatic;
				CURRENT_PROJECT_VERSION = 1;
				DEVELOPMENT_TEAM = U3F495S6H2;
				GENERATE_INFOPLIST_FILE = YES;
				INFOPLIST_FILE = "IMDB-Pet/Info.plist";
				INFOPLIST_KEY_UIApplicationSupportsIndirectInputEvents = YES;
				INFOPLIST_KEY_UILaunchStoryboardName = LaunchScreen;
				INFOPLIST_KEY_UISupportedInterfaceOrientations_iPad = "UIInterfaceOrientationPortrait UIInterfaceOrientationPortraitUpsideDown UIInterfaceOrientationLandscapeLeft UIInterfaceOrientationLandscapeRight";
				INFOPLIST_KEY_UISupportedInterfaceOrientations_iPhone = "UIInterfaceOrientationPortrait UIInterfaceOrientationLandscapeLeft UIInterfaceOrientationLandscapeRight";
				LD_RUNPATH_SEARCH_PATHS = (
					"$(inherited)",
					"@executable_path/Frameworks",
				);
				MARKETING_VERSION = 1.0;
				PRODUCT_BUNDLE_IDENTIFIER = "com.henadzibah.IMDB-Pet";
				PRODUCT_NAME = "$(TARGET_NAME)";
				SWIFT_EMIT_LOC_STRINGS = YES;
				SWIFT_VERSION = 5.0;
				TARGETED_DEVICE_FAMILY = "1,2";
			};
			name = Release;
		};
		B3B5325F29361C9100319D8F /* Debug */ = {
			isa = XCBuildConfiguration;
			buildSettings = {
				ALWAYS_EMBED_SWIFT_STANDARD_LIBRARIES = YES;
				BUNDLE_LOADER = "$(TEST_HOST)";
				CODE_SIGN_STYLE = Automatic;
				CURRENT_PROJECT_VERSION = 1;
				DEVELOPMENT_TEAM = U3F495S6H2;
				GENERATE_INFOPLIST_FILE = YES;
				IPHONEOS_DEPLOYMENT_TARGET = 16.0;
				MARKETING_VERSION = 1.0;
				PRODUCT_BUNDLE_IDENTIFIER = "com.henadzibah.IMDB-PetTests";
				PRODUCT_NAME = "$(TARGET_NAME)";
				SWIFT_EMIT_LOC_STRINGS = NO;
				SWIFT_VERSION = 5.0;
				TARGETED_DEVICE_FAMILY = "1,2";
				TEST_HOST = "$(BUILT_PRODUCTS_DIR)/IMDB-Pet.app/$(BUNDLE_EXECUTABLE_FOLDER_PATH)/IMDB-Pet";
			};
			name = Debug;
		};
		B3B5326029361C9100319D8F /* Release */ = {
			isa = XCBuildConfiguration;
			buildSettings = {
				ALWAYS_EMBED_SWIFT_STANDARD_LIBRARIES = YES;
				BUNDLE_LOADER = "$(TEST_HOST)";
				CODE_SIGN_STYLE = Automatic;
				CURRENT_PROJECT_VERSION = 1;
				DEVELOPMENT_TEAM = U3F495S6H2;
				GENERATE_INFOPLIST_FILE = YES;
				IPHONEOS_DEPLOYMENT_TARGET = 16.0;
				MARKETING_VERSION = 1.0;
				PRODUCT_BUNDLE_IDENTIFIER = "com.henadzibah.IMDB-PetTests";
				PRODUCT_NAME = "$(TARGET_NAME)";
				SWIFT_EMIT_LOC_STRINGS = NO;
				SWIFT_VERSION = 5.0;
				TARGETED_DEVICE_FAMILY = "1,2";
				TEST_HOST = "$(BUILT_PRODUCTS_DIR)/IMDB-Pet.app/$(BUNDLE_EXECUTABLE_FOLDER_PATH)/IMDB-Pet";
			};
			name = Release;
		};
		B3B5326229361C9100319D8F /* Debug */ = {
			isa = XCBuildConfiguration;
			buildSettings = {
				ALWAYS_EMBED_SWIFT_STANDARD_LIBRARIES = YES;
				CODE_SIGN_STYLE = Automatic;
				CURRENT_PROJECT_VERSION = 1;
				DEVELOPMENT_TEAM = U3F495S6H2;
				GENERATE_INFOPLIST_FILE = YES;
				MARKETING_VERSION = 1.0;
				PRODUCT_BUNDLE_IDENTIFIER = "com.henadzibah.IMDB-PetUITests";
				PRODUCT_NAME = "$(TARGET_NAME)";
				SWIFT_EMIT_LOC_STRINGS = NO;
				SWIFT_VERSION = 5.0;
				TARGETED_DEVICE_FAMILY = "1,2";
				TEST_TARGET_NAME = "IMDB-Pet";
			};
			name = Debug;
		};
		B3B5326329361C9100319D8F /* Release */ = {
			isa = XCBuildConfiguration;
			buildSettings = {
				ALWAYS_EMBED_SWIFT_STANDARD_LIBRARIES = YES;
				CODE_SIGN_STYLE = Automatic;
				CURRENT_PROJECT_VERSION = 1;
				DEVELOPMENT_TEAM = U3F495S6H2;
				GENERATE_INFOPLIST_FILE = YES;
				MARKETING_VERSION = 1.0;
				PRODUCT_BUNDLE_IDENTIFIER = "com.henadzibah.IMDB-PetUITests";
				PRODUCT_NAME = "$(TARGET_NAME)";
				SWIFT_EMIT_LOC_STRINGS = NO;
				SWIFT_VERSION = 5.0;
				TARGETED_DEVICE_FAMILY = "1,2";
				TEST_TARGET_NAME = "IMDB-Pet";
			};
			name = Release;
		};
/* End XCBuildConfiguration section */

/* Begin XCConfigurationList section */
		B3B5322C29361C8F00319D8F /* Build configuration list for PBXProject "IMDB-Pet" */ = {
			isa = XCConfigurationList;
			buildConfigurations = (
				B3B5325929361C9100319D8F /* Debug */,
				B3B5325A29361C9100319D8F /* Release */,
			);
			defaultConfigurationIsVisible = 0;
			defaultConfigurationName = Release;
		};
		B3B5325B29361C9100319D8F /* Build configuration list for PBXNativeTarget "IMDB-Pet" */ = {
			isa = XCConfigurationList;
			buildConfigurations = (
				B3B5325C29361C9100319D8F /* Debug */,
				B3B5325D29361C9100319D8F /* Release */,
			);
			defaultConfigurationIsVisible = 0;
			defaultConfigurationName = Release;
		};
		B3B5325E29361C9100319D8F /* Build configuration list for PBXNativeTarget "IMDB-PetTests" */ = {
			isa = XCConfigurationList;
			buildConfigurations = (
				B3B5325F29361C9100319D8F /* Debug */,
				B3B5326029361C9100319D8F /* Release */,
			);
			defaultConfigurationIsVisible = 0;
			defaultConfigurationName = Release;
		};
		B3B5326129361C9100319D8F /* Build configuration list for PBXNativeTarget "IMDB-PetUITests" */ = {
			isa = XCConfigurationList;
			buildConfigurations = (
				B3B5326229361C9100319D8F /* Debug */,
				B3B5326329361C9100319D8F /* Release */,
			);
			defaultConfigurationIsVisible = 0;
			defaultConfigurationName = Release;
		};
/* End XCConfigurationList section */

/* Begin XCRemoteSwiftPackageReference section */
		B378E3C4293630F0003AE1DC /* XCRemoteSwiftPackageReference "RxSwift" */ = {
			isa = XCRemoteSwiftPackageReference;
			repositoryURL = "https://github.com/ReactiveX/RxSwift.git";
			requirement = {
				branch = main;
				kind = branch;
			};
		};
/* End XCRemoteSwiftPackageReference section */

/* Begin XCSwiftPackageProductDependency section */
		B378E3C5293630F0003AE1DC /* RxCocoa */ = {
			isa = XCSwiftPackageProductDependency;
			package = B378E3C4293630F0003AE1DC /* XCRemoteSwiftPackageReference "RxSwift" */;
			productName = RxCocoa;
		};
		B378E3C7293630F0003AE1DC /* RxSwift */ = {
			isa = XCSwiftPackageProductDependency;
			package = B378E3C4293630F0003AE1DC /* XCRemoteSwiftPackageReference "RxSwift" */;
			productName = RxSwift;
		};
/* End XCSwiftPackageProductDependency section */
	};
	rootObject = B3B5322929361C8F00319D8F /* Project object */;
}
